
Microsoft Visual Studio Solution File, Format Version 12.00
# Visual Studio Version 17
VisualStudioVersion = 17.2.32526.322
MinimumVisualStudioVersion = 10.0.40219.1
Project("{FAE04EC0-301F-11D3-BF4B-00C04F79EFBC}") = "Module6HW5", "Module6HW5\Module6HW5.csproj", "{68D170BE-E54E-4735-8A78-3F9E56C60630}"
EndProject
Global
	GlobalSection(SolutionConfigurationPlatforms) = preSolution
		Debug|Any CPU = Debug|Any CPU
		Release|Any CPU = Release|Any CPU
	EndGlobalSection
	GlobalSection(ProjectConfigurationPlatforms) = postSolution
		{68D170BE-E54E-4735-8A78-3F9E56C60630}.Debug|Any CPU.ActiveCfg = Debug|Any CPU
		{68D170BE-E54E-4735-8A78-3F9E56C60630}.Debug|Any CPU.Build.0 = Debug|Any CPU
		{68D170BE-E54E-4735-8A78-3F9E56C60630}.Release|Any CPU.ActiveCfg = Release|Any CPU
		{68D170BE-E54E-4735-8A78-3F9E56C60630}.Release|Any CPU.Build.0 = Release|Any CPU
	EndGlobalSection
	GlobalSection(SolutionProperties) = preSolution
		HideSolutionNode = FALSE
	EndGlobalSection
	GlobalSection(ExtensibilityGlobals) = postSolution
		SolutionGuid = {49B70E88-AEA6-47D1-A888-0B5F0CD06249}
	EndGlobalSection
EndGlobal
